
Microsoft Visual Studio Solution File, Format Version 12.00
# Visual Studio Version 17
VisualStudioVersion = 17.14.36518.9 d17.14
MinimumVisualStudioVersion = 10.0.40219.1
Project("{FAE04EC0-301F-11D3-BF4B-00C04F79EFBC}") = "last_project", "last_project\last_project.csproj", "{3401F127-EF4F-440C-AAB7-77109B8F0530}"
EndProject
Global
	GlobalSection(SolutionConfigurationPlatforms) = preSolution
		Debug|Any CPU = Debug|Any CPU
		Release|Any CPU = Release|Any CPU
	EndGlobalSection
	GlobalSection(ProjectConfigurationPlatforms) = postSolution
		{3401F127-EF4F-440C-AAB7-77109B8F0530}.Debug|Any CPU.ActiveCfg = Debug|Any CPU
		{3401F127-EF4F-440C-AAB7-77109B8F0530}.Debug|Any CPU.Build.0 = Debug|Any CPU
		{3401F127-EF4F-440C-AAB7-77109B8F0530}.Release|Any CPU.ActiveCfg = Release|Any CPU
		{3401F127-EF4F-440C-AAB7-77109B8F0530}.Release|Any CPU.Build.0 = Release|Any CPU
	EndGlobalSection
	GlobalSection(SolutionProperties) = preSolution
		HideSolutionNode = FALSE
	EndGlobalSection
	GlobalSection(ExtensibilityGlobals) = postSolution
		SolutionGuid = {1D28A504-3248-4CE0-BA1B-5B39D55DB574}
	EndGlobalSection
EndGlobal
